
Microsoft Visual Studio Solution File, Format Version 12.00
# Visual Studio 15
VisualStudioVersion = 15.0.26403.7
MinimumVisualStudioVersion = 10.0.40219.1
Project("{FAE04EC0-301F-11D3-BF4B-00C04F79EFBC}") = "Lab2_Cole_Miller", "Lab2_Cole_Miller\Lab2_Cole_Miller.csproj", "{596643E7-590A-4B0E-B661-9498E51ABF4C}"
EndProject
Project("{FAE04EC0-301F-11D3-BF4B-00C04F79EFBC}") = "Movie.Lab", "Movie.Lab\Movie.Lab.csproj", "{7BFF66B6-00E0-4B96-BBC2-6EE817CB9DD1}"
EndProject
Global
	GlobalSection(SolutionConfigurationPlatforms) = preSolution
		Debug|Any CPU = Debug|Any CPU
		Release|Any CPU = Release|Any CPU
	EndGlobalSection
	GlobalSection(ProjectConfigurationPlatforms) = postSolution
		{596643E7-590A-4B0E-B661-9498E51ABF4C}.Debug|Any CPU.ActiveCfg = Debug|Any CPU
		{596643E7-590A-4B0E-B661-9498E51ABF4C}.Debug|Any CPU.Build.0 = Debug|Any CPU
		{596643E7-590A-4B0E-B661-9498E51ABF4C}.Release|Any CPU.ActiveCfg = Release|Any CPU
		{596643E7-590A-4B0E-B661-9498E51ABF4C}.Release|Any CPU.Build.0 = Release|Any CPU
		{7BFF66B6-00E0-4B96-BBC2-6EE817CB9DD1}.Debug|Any CPU.ActiveCfg = Debug|Any CPU
		{7BFF66B6-00E0-4B96-BBC2-6EE817CB9DD1}.Debug|Any CPU.Build.0 = Debug|Any CPU
		{7BFF66B6-00E0-4B96-BBC2-6EE817CB9DD1}.Release|Any CPU.ActiveCfg = Release|Any CPU
		{7BFF66B6-00E0-4B96-BBC2-6EE817CB9DD1}.Release|Any CPU.Build.0 = Release|Any CPU
	EndGlobalSection
	GlobalSection(SolutionProperties) = preSolution
		HideSolutionNode = FALSE
	EndGlobalSection
EndGlobal
